
Microsoft Visual Studio Solution File, Format Version 12.00
Project("{2150E333-8FDC-42A3-9474-1A3956D46DE8}") = "SolutionItems", "SolutionItems", "{4420AB2C-C709-4E02-AEA4-CF366E0B3D63}"
	ProjectSection(SolutionItems) = preProject
		readme.md = readme.md
	EndProjectSection
EndProject
Project("{2150E333-8FDC-42A3-9474-1A3956D46DE8}") = "src", "src", "{8243FBC3-830D-41F7-8D95-A63985E9E0C6}"
EndProject
Project("{FAE04EC0-301F-11D3-BF4B-00C04F79EFBC}") = "Serilog.Api", "src\Serilog.Api\Serilog.Api.csproj", "{CA098871-0D5B-4E1C-97D0-724652D5328B}"
EndProject
Global
	GlobalSection(SolutionConfigurationPlatforms) = preSolution
		Debug|Any CPU = Debug|Any CPU
		Release|Any CPU = Release|Any CPU
	EndGlobalSection
	GlobalSection(NestedProjects) = preSolution
		{CA098871-0D5B-4E1C-97D0-724652D5328B} = {8243FBC3-830D-41F7-8D95-A63985E9E0C6}
	EndGlobalSection
	GlobalSection(ProjectConfigurationPlatforms) = postSolution
		{CA098871-0D5B-4E1C-97D0-724652D5328B}.Debug|Any CPU.ActiveCfg = Debug|Any CPU
		{CA098871-0D5B-4E1C-97D0-724652D5328B}.Debug|Any CPU.Build.0 = Debug|Any CPU
		{CA098871-0D5B-4E1C-97D0-724652D5328B}.Release|Any CPU.ActiveCfg = Release|Any CPU
		{CA098871-0D5B-4E1C-97D0-724652D5328B}.Release|Any CPU.Build.0 = Release|Any CPU
	EndGlobalSection
EndGlobal
